
Microsoft Visual Studio Solution File, Format Version 12.00
# Visual Studio 15
Project("{FAE04EC0-301F-11D3-BF4B-00C04F79EFBC}") = "Dessert_Eliminate", "Dessert_Eliminate.csproj", "{7ACCB4A9-C3D0-BB47-E1AE-A135E480FAA6}"
EndProject
Global
	GlobalSection(SolutionConfigurationPlatforms) = preSolution
		Debug|Any CPU = Debug|Any CPU
		Release|Any CPU = Release|Any CPU
	EndGlobalSection
	GlobalSection(ProjectConfigurationPlatforms) = postSolution
		{7ACCB4A9-C3D0-BB47-E1AE-A135E480FAA6}.Debug|Any CPU.ActiveCfg = Debug|Any CPU
		{7ACCB4A9-C3D0-BB47-E1AE-A135E480FAA6}.Debug|Any CPU.Build.0 = Debug|Any CPU
		{7ACCB4A9-C3D0-BB47-E1AE-A135E480FAA6}.Release|Any CPU.ActiveCfg = Release|Any CPU
		{7ACCB4A9-C3D0-BB47-E1AE-A135E480FAA6}.Release|Any CPU.Build.0 = Release|Any CPU
	EndGlobalSection
	GlobalSection(SolutionProperties) = preSolution
		HideSolutionNode = FALSE
	EndGlobalSection
EndGlobal
